<Solution>
  <Folder Name="/examples/">
    <Project Path="examples/DotWrap.SampleAotLib/DotWrap.SampleAotLib.csproj" />
  </Folder>
  <Folder Name="/src/">
    <Project Path="src/DotWrap.Contracts/DotWrap.Contracts.csproj" />
    <Project Path="src/DotWrap.Generator/DotWrap.Generator.csproj" />
    <Project Path="src/DotWrap.MSBuild/DotWrap.MSBuild.csproj" />
    <Project Path="src/DotWrap/DotWrap.csproj" />
  </Folder>
  <Folder Name="/tests/" />
</Solution>
