<Solution>
  <Folder Name="/src/">
    <Project Path="src/DotWrap.Generator/DotWrap.Generator.csproj" />
    <Project Path="src/DotWrap.MSBuild/DotWrap.MSBuild.csproj" />
    <Project Path="src/DotWrap.Shared/DotWrap.Shared.csproj" />
    <Project Path="src/DotWrap/DotWrap.csproj" />
  </Folder>
  <Folder Name="/tests/">
    <File Path="tests/Directory.Build.props" />
    <File Path="tests/Directory.Build.targets" />
    <Project Path="tests/DotWrap.TestLib/DotWrap.TestLib.csproj" />
    <Project Path="tests/DotWrap.Tests/DotWrap.Tests.csproj" />
  </Folder>
  <Folder Name="/wiki/">
    <File Path="HowItWorks.md" />
  </Folder>
</Solution>
